
Microsoft Visual Studio Solution File, Format Version 12.00
# Visual Studio 15
VisualStudioVersion = 15.0.27130.2026
MinimumVisualStudioVersion = 10.0.40219.1
Project("{FAE04EC0-301F-11D3-BF4B-00C04F79EFBC}") = "ado-perf-test", "ado-perf-test\ado-perf-test.csproj", "{8E328426-366E-47F3-817D-C608CBCC6344}"
EndProject
Project("{9A19103F-16F7-4668-BE54-9A1E7A4F7556}") = "Npgsql", "..\npgsql\src\Npgsql\Npgsql.csproj", "{ED5C6603-E8CD-49D0-8143-8D4FADADB118}"
EndProject
Global
	GlobalSection(SolutionConfigurationPlatforms) = preSolution
		Debug|Any CPU = Debug|Any CPU
		Release|Any CPU = Release|Any CPU
	EndGlobalSection
	GlobalSection(ProjectConfigurationPlatforms) = postSolution
		{8E328426-366E-47F3-817D-C608CBCC6344}.Debug|Any CPU.ActiveCfg = Debug|Any CPU
		{8E328426-366E-47F3-817D-C608CBCC6344}.Debug|Any CPU.Build.0 = Debug|Any CPU
		{8E328426-366E-47F3-817D-C608CBCC6344}.Release|Any CPU.ActiveCfg = Release|Any CPU
		{8E328426-366E-47F3-817D-C608CBCC6344}.Release|Any CPU.Build.0 = Release|Any CPU
		{ED5C6603-E8CD-49D0-8143-8D4FADADB118}.Debug|Any CPU.ActiveCfg = Debug|Any CPU
		{ED5C6603-E8CD-49D0-8143-8D4FADADB118}.Debug|Any CPU.Build.0 = Debug|Any CPU
		{ED5C6603-E8CD-49D0-8143-8D4FADADB118}.Release|Any CPU.ActiveCfg = Release|Any CPU
		{ED5C6603-E8CD-49D0-8143-8D4FADADB118}.Release|Any CPU.Build.0 = Release|Any CPU
	EndGlobalSection
	GlobalSection(SolutionProperties) = preSolution
		HideSolutionNode = FALSE
	EndGlobalSection
	GlobalSection(ExtensibilityGlobals) = postSolution
		SolutionGuid = {170FDD94-2381-41F0-9C8F-727E656547C3}
	EndGlobalSection
EndGlobal
